dependencies:
- name: infrastructure
  repository: file://./charts/infrastructure
  version: 0.1.0
- name: frontend
  repository: file://./charts/frontend
  version: 0.1.0
- name: backend
  repository: file://./charts/backend
  version: 0.1.0
- name: ingress-nginx
  repository: file://./charts/ingress-nginx
  version: 4.15.0
digest: sha256:a821e2667af75696d1a2183e115cf73b443e766e3fb41ca171b45f9fd29ee279
generated: "2026-03-13T19:08:33.4796261+02:00"
